<?xml version="1.0" encoding="utf-8"?>
<Project ToolsVersion="4.0" xmlns="http://schemas.microsoft.com/developer/msbuild/2003">
  <ItemGroup>
    <Filter Include="Source Files">
      <UniqueIdentifier>{4FC737F1-C7A5-4376-A066-2A32D752A2FF}</UniqueIdentifier>
      <Extensions>cpp;cxx;c;def</Extensions>
    </Filter>
    <Filter Include="Header Files">
      <UniqueIdentifier>{93995380-89BD-4b04-88EB-625FBE52EBFB}</UniqueIdentifier>
      <Extensions>h</Extensions>
    </Filter>
    <Filter Include="Form Files">
      <UniqueIdentifier>{99349809-55BA-4b9d-BF79-8FDBB0286EB3}</UniqueIdentifier>
      <Extensions>ui</Extensions>
    </Filter>
    <Filter Include="Resource Files">
      <UniqueIdentifier>{D9D6E242-F8AF-46E4-B9FD-80ECBC20BA3E}</UniqueIdentifier>
      <Extensions>qrc;*</Extensions>
      <ParseFiles>false</ParseFiles>
    </Filter>
    <Filter Include="Generated Files">
      <UniqueIdentifier>{71ED8ED8-ACB9-4CE9-BBE1-E00B30144E11}</UniqueIdentifier>
      <Extensions>moc;h;cpp</Extensions>
      <SourceControlFiles>False</SourceControlFiles>
    </Filter>
    <Filter Include="Generated Files\Debug">
      <UniqueIdentifier>{1bb652a6-5cac-4607-9488-2e809bb4f689}</UniqueIdentifier>
      <Extensions>cpp;moc</Extensions>
      <SourceControlFiles>False</SourceControlFiles>
    </Filter>
    <Filter Include="Generated Files\Release">
      <UniqueIdentifier>{0a3ad142-51d7-4dd3-b1a5-14a5bdfb2169}</UniqueIdentifier>
      <Extensions>cpp;moc</Extensions>
      <SourceControlFiles>False</SourceControlFiles>
    </Filter>
    <Filter Include="tests">
      <UniqueIdentifier>{7b08cb88-75e4-4235-a27a-7941928563c7}</UniqueIdentifier>
    </Filter>
  </ItemGroup>
  <ItemGroup>
    <ClCompile Include="main.cpp">
      <Filter>Source Files</Filter>
    </ClCompile>
    <ClCompile Include="bibliotecagui.cpp">
      <Filter>Source Files</Filter>
    </ClCompile>
    <ClCompile Include="GeneratedFiles\Debug\moc_bibliotecagui.cpp">
      <Filter>Generated Files\Debug</Filter>
    </ClCompile>
    <ClCompile Include="GeneratedFiles\Release\moc_bibliotecagui.cpp">
      <Filter>Generated Files\Release</Filter>
    </ClCompile>
    <ClCompile Include="GeneratedFiles\qrc_bibliotecagui.cpp">
      <Filter>Generated Files</Filter>
    </ClCompile>
    <ClCompile Include="Book.cpp">
      <Filter>Source Files</Filter>
    </ClCompile>
    <ClCompile Include="BookstoreController.cpp">
      <Filter>Source Files</Filter>
    </ClCompile>
    <ClCompile Include="BookstoreRepository.cpp">
      <Filter>Source Files</Filter>
    </ClCompile>
    <ClCompile Include="BookstoreRepositoryFile.cpp">
      <Filter>Source Files</Filter>
    </ClCompile>
    <ClCompile Include="CartRepository.cpp">
      <Filter>Source Files</Filter>
    </ClCompile>
    <ClCompile Include="Validator.cpp">
      <Filter>Source Files</Filter>
    </ClCompile>
  </ItemGroup>
  <ItemGroup>
    <CustomBuild Include="bibliotecagui.h">
      <Filter>Header Files</Filter>
    </CustomBuild>
    <CustomBuild Include="bibliotecagui.ui">
      <Filter>Form Files</Filter>
    </CustomBuild>
    <CustomBuild Include="bibliotecagui.qrc">
      <Filter>Resource Files</Filter>
    </CustomBuild>
  </ItemGroup>
  <ItemGroup>
    <ClInclude Include="GeneratedFiles\ui_bibliotecagui.h">
      <Filter>Generated Files</Filter>
    </ClInclude>
    <ClInclude Include="Book.h">
      <Filter>Header Files</Filter>
    </ClInclude>
    <ClInclude Include="BookstoreController.h">
      <Filter>Header Files</Filter>
    </ClInclude>
    <ClInclude Include="BookstoreRepository.h">
      <Filter>Header Files</Filter>
    </ClInclude>
    <ClInclude Include="BookstoreRepositoryExportCSV.h">
      <Filter>Header Files</Filter>
    </ClInclude>
    <ClInclude Include="BookstoreRepositoryExportHTML.h">
      <Filter>Header Files</Filter>
    </ClInclude>
    <ClInclude Include="BookstoreRepositoryFile.h">
      <Filter>Header Files</Filter>
    </ClInclude>
    <ClInclude Include="CartRepository.h">
      <Filter>Header Files</Filter>
    </ClInclude>
    <ClInclude Include="Undo.h">
      <Filter>Header Files</Filter>
    </ClInclude>
    <ClInclude Include="Validator.h">
      <Filter>Header Files</Filter>
    </ClInclude>
    <ClInclude Include="Observer.h">
      <Filter>Header Files</Filter>
    </ClInclude>
    <ClInclude Include="MyTabelModel.h">
      <Filter>Header Files</Filter>
    </ClInclude>
    <ClInclude Include="CartCRUDGUI.h">
      <Filter>Header Files</Filter>
    </ClInclude>
    <ClInclude Include="CartReadOnlyGui.h">
      <Filter>Header Files</Filter>
    </ClInclude>
  </ItemGroup>
  <ItemGroup>
    <Text Include="Bookstore.txt" />
  </ItemGroup>
  <ItemGroup>
    <Image Include="C:\Users\claudiu\Pictures\caracatita3.png" />
  </ItemGroup>
</Project>