<?xml version="1.0" encoding="utf-8"?>
<Project ToolsVersion="4.0" xmlns="http://schemas.microsoft.com/developer/msbuild/2003">
  <ItemGroup>
    <Filter Include="Source Files">
      <UniqueIdentifier>{4FC737F1-C7A5-4376-A066-2A32D752A2FF}</UniqueIdentifier>
      <Extensions>cpp;cxx;c;def</Extensions>
    </Filter>
    <Filter Include="Header Files">
      <UniqueIdentifier>{93995380-89BD-4b04-88EB-625FBE52EBFB}</UniqueIdentifier>
      <Extensions>h</Extensions>
    </Filter>
    <Filter Include="Form Files">
      <UniqueIdentifier>{99349809-55BA-4b9d-BF79-8FDBB0286EB3}</UniqueIdentifier>
      <Extensions>ui</Extensions>
    </Filter>
    <Filter Include="Resource Files">
      <UniqueIdentifier>{D9D6E242-F8AF-46E4-B9FD-80ECBC20BA3E}</UniqueIdentifier>
      <Extensions>qrc;*</Extensions>
      <ParseFiles>false</ParseFiles>
    </Filter>
    <Filter Include="Generated Files">
      <UniqueIdentifier>{71ED8ED8-ACB9-4CE9-BBE1-E00B30144E11}</UniqueIdentifier>
      <Extensions>moc;h;cpp</Extensions>
      <SourceControlFiles>False</SourceControlFiles>
    </Filter>
    <Filter Include="Generated Files\Debug">
      <UniqueIdentifier>{f6ce276f-7b8f-47a5-8ab3-60e6e6be4127}</UniqueIdentifier>
      <Extensions>cpp;moc</Extensions>
      <SourceControlFiles>False</SourceControlFiles>
    </Filter>
    <Filter Include="Generated Files\Release">
      <UniqueIdentifier>{77320d78-4527-452b-9429-2685273f09bc}</UniqueIdentifier>
      <Extensions>cpp;moc</Extensions>
      <SourceControlFiles>False</SourceControlFiles>
    </Filter>
    <Filter Include="Header Files\repository">
      <UniqueIdentifier>{265298d5-2d0d-46d6-a2e1-7bf61cbbbf6e}</UniqueIdentifier>
    </Filter>
    <Filter Include="Header Files\domain">
      <UniqueIdentifier>{52bbf523-acbf-40ee-8a06-f7a48b6a47f3}</UniqueIdentifier>
    </Filter>
    <Filter Include="Header Files\controller">
      <UniqueIdentifier>{4d416df8-b50e-4cdd-b071-8aeda50679cb}</UniqueIdentifier>
    </Filter>
    <Filter Include="Header Files\ui">
      <UniqueIdentifier>{961b29a7-5248-4345-be68-055a135ce6bd}</UniqueIdentifier>
    </Filter>
  </ItemGroup>
  <ItemGroup>
    <ClCompile Include="main.cpp">
      <Filter>Source Files</Filter>
    </ClCompile>
    <ClCompile Include="practical_exam_oop.cpp">
      <Filter>Source Files</Filter>
    </ClCompile>
    <ClCompile Include="GeneratedFiles\Debug\moc_practical_exam_oop.cpp">
      <Filter>Generated Files\Debug</Filter>
    </ClCompile>
    <ClCompile Include="GeneratedFiles\Release\moc_practical_exam_oop.cpp">
      <Filter>Generated Files\Release</Filter>
    </ClCompile>
    <ClCompile Include="GeneratedFiles\qrc_practical_exam_oop.cpp">
      <Filter>Generated Files</Filter>
    </ClCompile>
  </ItemGroup>
  <ItemGroup>
    <CustomBuild Include="practical_exam_oop.ui">
      <Filter>Form Files</Filter>
    </CustomBuild>
    <CustomBuild Include="practical_exam_oop.qrc">
      <Filter>Resource Files</Filter>
    </CustomBuild>
    <CustomBuild Include="practical_exam_oop.h">
      <Filter>Header Files\ui</Filter>
    </CustomBuild>
  </ItemGroup>
  <ItemGroup>
    <ClInclude Include="GeneratedFiles\ui_practical_exam_oop.h">
      <Filter>Generated Files</Filter>
    </ClInclude>
    <ClInclude Include="Nota.h">
      <Filter>Header Files\domain</Filter>
    </ClInclude>
    <ClInclude Include="Repository.h">
      <Filter>Header Files\repository</Filter>
    </ClInclude>
    <ClInclude Include="MyExceptions.h">
      <Filter>Header Files\domain</Filter>
    </ClInclude>
    <ClInclude Include="Controller.h">
      <Filter>Header Files\controller</Filter>
    </ClInclude>
    <ClInclude Include="Observer.h">
      <Filter>Header Files\domain</Filter>
    </ClInclude>
    <ClInclude Include="ProfesorGUI.h">
      <Filter>Header Files\ui</Filter>
    </ClInclude>
    <ClInclude Include="intrarerere.h">
      <Filter>Header Files</Filter>
    </ClInclude>
  </ItemGroup>
  <ItemGroup>
    <Text Include="intrare.txt" />
  </ItemGroup>
</Project>