<?xml version="1.0" encoding="utf-8"?>
<Project ToolsVersion="4.0" xmlns="http://schemas.microsoft.com/developer/msbuild/2003">
  <ItemGroup>
    <Filter Include="Source Files">
      <UniqueIdentifier>{4FC737F1-C7A5-4376-A066-2A32D752A2FF}</UniqueIdentifier>
      <Extensions>cpp;c;cc;cxx;def;odl;idl;hpj;bat;asm;asmx</Extensions>
    </Filter>
    <Filter Include="Header Files">
      <UniqueIdentifier>{93995380-89BD-4b04-88EB-625FBE52EBFB}</UniqueIdentifier>
      <Extensions>h;hh;hpp;hxx;hm;inl;inc;xsd</Extensions>
    </Filter>
    <Filter Include="Resource Files">
      <UniqueIdentifier>{67DA6AB6-F800-4c08-8B7A-83BB121AAD01}</UniqueIdentifier>
      <Extensions>rc;ico;cur;bmp;dlg;rc2;rct;bin;rgs;gif;jpg;jpeg;jpe;resx;tiff;tif;png;wav;mfcribbon-ms</Extensions>
    </Filter>
    <Filter Include="Source Files\controller">
      <UniqueIdentifier>{6ea410ef-a809-4b89-87ff-883e0257c4ca}</UniqueIdentifier>
    </Filter>
    <Filter Include="Source Files\repository">
      <UniqueIdentifier>{56641df1-3fc1-4d90-95c9-57e464592212}</UniqueIdentifier>
    </Filter>
    <Filter Include="Source Files\domain">
      <UniqueIdentifier>{897d56d8-f5d9-41bb-8c59-fb798c9df6d6}</UniqueIdentifier>
    </Filter>
    <Filter Include="Source Files\tests">
      <UniqueIdentifier>{657aa256-b538-428b-807c-faaf11ae7227}</UniqueIdentifier>
    </Filter>
    <Filter Include="Source Files\ui">
      <UniqueIdentifier>{76339916-b5d0-4965-83d4-d7100767324b}</UniqueIdentifier>
    </Filter>
  </ItemGroup>
  <ItemGroup>
    <Text Include="ReadMe.txt" />
    <Text Include="test.txt" />
    <Text Include="Bookstore.txt" />
  </ItemGroup>
  <ItemGroup>
    <ClInclude Include="stdafx.h">
      <Filter>Header Files</Filter>
    </ClInclude>
    <ClInclude Include="targetver.h">
      <Filter>Header Files</Filter>
    </ClInclude>
    <ClInclude Include="BookstoreRepository.h">
      <Filter>Source Files\repository</Filter>
    </ClInclude>
    <ClInclude Include="BookstoreRepositoryFile.h">
      <Filter>Source Files\repository</Filter>
    </ClInclude>
    <ClInclude Include="CartRepository.h">
      <Filter>Source Files\repository</Filter>
    </ClInclude>
    <ClInclude Include="Book.h">
      <Filter>Source Files\domain</Filter>
    </ClInclude>
    <ClInclude Include="Validator.h">
      <Filter>Source Files\domain</Filter>
    </ClInclude>
    <ClInclude Include="BookstoreController.h">
      <Filter>Source Files\controller</Filter>
    </ClInclude>
    <ClInclude Include="BookstoreConsole.h">
      <Filter>Source Files\ui</Filter>
    </ClInclude>
    <ClInclude Include="tests.h">
      <Filter>Source Files\tests</Filter>
    </ClInclude>
    <ClInclude Include="testCartRepository.h">
      <Filter>Source Files\tests</Filter>
    </ClInclude>
    <ClInclude Include="testBookstoreRepository.h">
      <Filter>Source Files\tests</Filter>
    </ClInclude>
    <ClInclude Include="testBookstoreRepositoryFile.h">
      <Filter>Source Files\tests</Filter>
    </ClInclude>
    <ClInclude Include="BookstoreRepositoryExportCSV.h">
      <Filter>Header Files</Filter>
    </ClInclude>
    <ClInclude Include="testBookstoreRepositoryExportCSV.h">
      <Filter>Source Files\tests</Filter>
    </ClInclude>
    <ClInclude Include="BookstoreRepositoryExportHTML.h">
      <Filter>Header Files</Filter>
    </ClInclude>
    <ClInclude Include="testBookstoreRepositoryExportHTML.h">
      <Filter>Source Files\tests</Filter>
    </ClInclude>
    <ClInclude Include="resource.h">
      <Filter>Header Files</Filter>
    </ClInclude>
    <ClInclude Include="Undo.h">
      <Filter>Header Files</Filter>
    </ClInclude>
    <ClInclude Include="testUndo.h">
      <Filter>Source Files\tests</Filter>
    </ClInclude>
  </ItemGroup>
  <ItemGroup>
    <ClCompile Include="stdafx.cpp">
      <Filter>Source Files</Filter>
    </ClCompile>
    <ClCompile Include="Bookstore.cpp">
      <Filter>Source Files</Filter>
    </ClCompile>
    <ClCompile Include="BookstoreRepository.cpp">
      <Filter>Source Files\repository</Filter>
    </ClCompile>
    <ClCompile Include="BookstoreRepositoryFile.cpp">
      <Filter>Source Files\repository</Filter>
    </ClCompile>
    <ClCompile Include="CartRepository.cpp">
      <Filter>Source Files\repository</Filter>
    </ClCompile>
    <ClCompile Include="Book.cpp">
      <Filter>Source Files\domain</Filter>
    </ClCompile>
    <ClCompile Include="Validator.cpp">
      <Filter>Source Files\domain</Filter>
    </ClCompile>
    <ClCompile Include="BookstoreController.cpp">
      <Filter>Source Files\controller</Filter>
    </ClCompile>
    <ClCompile Include="BookstoreConsole.cpp">
      <Filter>Source Files\ui</Filter>
    </ClCompile>
  </ItemGroup>
  <ItemGroup>
    <None Include="test.csv" />
    <None Include="test.htm" />
    <None Include="export.csv" />
    <None Include="export.html" />
  </ItemGroup>
  <ItemGroup>
    <ResourceCompile Include="BookstoreV2.rc">
      <Filter>Resource Files</Filter>
    </ResourceCompile>
  </ItemGroup>
</Project>